// !$*UTF8*$!
{
	archiveVersion = 1;
	classes = {
	};
	objectVersion = 77;
	objects = {

/* Begin PBXBuildFile section */
		0F383D468C71AB5DFB6F05CF /* View+Glass.swift in Sources */ = {isa = PBXBuildFile; fileRef = 2A0A18863E66054E293904C2 /* View+Glass.swift */; };
		148C1F7A9B3E4C21A7D5E601 /* Assets.xcassets in Resources */ = {isa = PBXBuildFile; fileRef = 148C1F7A9B3E4C21A7D5E600 /* Assets.xcassets */; };
		182F370370E1937FD226573C /* ColorPalette.swift in Sources */ = {isa = PBXBuildFile; fileRef = 743A5F36759D0FAF9FC312A1 /* ColorPalette.swift */; };
		20E7F8F12FE2A9740A026983 /* TillAppWidgetBundle.swift in Sources */ = {isa = PBXBuildFile; fileRef = 7248535AC65F4D5A01D14706 /* TillAppWidgetBundle.swift */; };
		21B8D9ADBA4160A3B9F81030 /* SelectCountdownIntent.swift in Sources */ = {isa = PBXBuildFile; fileRef = C278AC33D2A0528B3D880746 /* SelectCountdownIntent.swift */; };
		21EC6860FB5708BB272C9CF0 /* Date+SmartFormat.swift in Sources */ = {isa = PBXBuildFile; fileRef = 158F1BD2A575D68A8234B496 /* Date+SmartFormat.swift */; };
		2744DDC21016A57F7C767C51 /* EditCountdownView.swift in Sources */ = {isa = PBXBuildFile; fileRef = F7C58FCE12709F9EBFB8854C /* EditCountdownView.swift */; };
		2A10EAA4915F6F1B0D8B8D81 /* Date+SmartFormat.swift in Sources */ = {isa = PBXBuildFile; fileRef = 158F1BD2A575D68A8234B496 /* Date+SmartFormat.swift */; };
		3499A7D9EA4A65C46EE123FD /* CountdownRepository.swift in Sources */ = {isa = PBXBuildFile; fileRef = A5AB3326C401C746A46C153B /* CountdownRepository.swift */; };
		3A0C0BADD738F2316BB967AE /* SharedDataStore.swift in Sources */ = {isa = PBXBuildFile; fileRef = 35972B7006B54128E8E34193 /* SharedDataStore.swift */; };
		43FB1660E36AD33E7B6CB72A /* ProgressStartPickerSection.swift in Sources */ = {isa = PBXBuildFile; fileRef = FF84AFCF89DF8198F77A0699 /* ProgressStartPickerSection.swift */; };
		4572E3CB6E92802F9FD3A52B /* SharedDataStore.swift in Sources */ = {isa = PBXBuildFile; fileRef = 35972B7006B54128E8E34193 /* SharedDataStore.swift */; };
		4F188A86A675200C82550FF3 /* Color+Hex.swift in Sources */ = {isa = PBXBuildFile; fileRef = 0B070EA8FE958E37EC91E99B /* Color+Hex.swift */; };
		5532E3FCF0BECE3D5A3D8E37 /* AddCountdownView.swift in Sources */ = {isa = PBXBuildFile; fileRef = 22EF982CEF1A03E1286ECE6C /* AddCountdownView.swift */; };
		61B1EE5F1C6ED5C28023917B /* BackgroundPickerSection.swift in Sources */ = {isa = PBXBuildFile; fileRef = 94889C08DC49F011604F63F9 /* BackgroundPickerSection.swift */; };
		6B30E5CECFB6CF1920B4FCF5 /* SwiftUI.framework in Frameworks */ = {isa = PBXBuildFile; fileRef = D5AF5C02E4780B9DF75CFAC1 /* SwiftUI.framework */; };
		6E394DD7C8A219E5E7F4C8FA /* WidgetCountdown.swift in Sources */ = {isa = PBXBuildFile; fileRef = F76E950F560E90D719DA5AD0 /* WidgetCountdown.swift */; };
		78E0EE702F3CB8FF2AEDD55F /* CountdownWidgetView.swift in Sources */ = {isa = PBXBuildFile; fileRef = B8658F94492BD637BD879A3E /* CountdownWidgetView.swift */; };
		7C02586524F7A7DE7EBE085D /* TillApp.xcdatamodeld in Sources */ = {isa = PBXBuildFile; fileRef = 852660CF411D0EDFB9B98157 /* TillApp.xcdatamodeld */; };
		825E93AAEF38A879C2BC7CD6 /* CountdownAppEntity.swift in Sources */ = {isa = PBXBuildFile; fileRef = 646D88BCB49136660C83DFB2 /* CountdownAppEntity.swift */; };
		91A94FB58F358F84F37A238B /* CountdownProvider.swift in Sources */ = {isa = PBXBuildFile; fileRef = C37C6122ADA038F7310E2214 /* CountdownProvider.swift */; };
		A4787CE389A7E89BC5628A3B /* Color+Hex.swift in Sources */ = {isa = PBXBuildFile; fileRef = 0B070EA8FE958E37EC91E99B /* Color+Hex.swift */; };
		A4C4BB336F9E17C805063830 /* WidgetKit.framework in Frameworks */ = {isa = PBXBuildFile; fileRef = 97C965144DDFF4DC1AFF5A01 /* WidgetKit.framework */; };
		AA77D3D99E90CA1D661CA05D /* Countdown.swift in Sources */ = {isa = PBXBuildFile; fileRef = 060DE9B31C877CEB7918C37B /* Countdown.swift */; };
		AB672F9A8BB7BE65948241F4 /* CountdownListView.swift in Sources */ = {isa = PBXBuildFile; fileRef = 83E978FB3602B5D33B0D92F4 /* CountdownListView.swift */; };
		B0809688FC48D15BF32ED2F4 /* TillAppWidgetExtension.appex in Embed Foundation Extensions */ = {isa = PBXBuildFile; fileRef = C1C8344A09A0C2239ACB229B /* TillAppWidgetExtension.appex */; settings = {ATTRIBUTES = (RemoveHeadersOnCopy, ); }; };
		B805A1DEF79D8B3E79F6CBD5 /* DeveloperMenuView.swift in Sources */ = {isa = PBXBuildFile; fileRef = 7E085731BCDAB4A19728D310 /* DeveloperMenuView.swift */; };
		C2915FEA057737C608C1831A /* TillAppApp.swift in Sources */ = {isa = PBXBuildFile; fileRef = 0983F9C14715C82A1245A41A /* TillAppApp.swift */; };
		C5F3CA47E68437C07A60F86A /* WidgetCountdown.swift in Sources */ = {isa = PBXBuildFile; fileRef = F76E950F560E90D719DA5AD0 /* WidgetCountdown.swift */; };
		C817D064FDFF4173FE1B3495 /* ImageStorageService.swift in Sources */ = {isa = PBXBuildFile; fileRef = BC2D9AEBC3C5C26259CCCDFA /* ImageStorageService.swift */; };
		D87933F24669DF6E120AAA85 /* TimerManager.swift in Sources */ = {isa = PBXBuildFile; fileRef = D1980F5FB9C12A48EB6CA67D /* TimerManager.swift */; };
		DC0EF4DBF3A2DD5B518226E4 /* CountdownRowView.swift in Sources */ = {isa = PBXBuildFile; fileRef = 2755582EB932003B011BCA65 /* CountdownRowView.swift */; };
		F3E6DDC6A3F507CCE88A6CD1 /* CountdownEntity+Mapping.swift in Sources */ = {isa = PBXBuildFile; fileRef = 851091D66AFFBD7CCF94D62A /* CountdownEntity+Mapping.swift */; };
		F8BB03FFB125F8AE18D09A02 /* PersistenceController.swift in Sources */ = {isa = PBXBuildFile; fileRef = 9CFD29C70A79D8584C7BD966 /* PersistenceController.swift */; };
/* End PBXBuildFile section */

/* Begin PBXContainerItemProxy section */
		E2686A9DF30CB4105159F212 /* PBXContainerItemProxy */ = {
			isa = PBXContainerItemProxy;
			containerPortal = B172396D95C82F5CBA665931 /* Project object */;
			proxyType = 1;
			remoteGlobalIDString = 855C7D77DAB3B9058CAB5834;
			remoteInfo = TillAppWidgetExtension;
		};
/* End PBXContainerItemProxy section */

/* Begin PBXCopyFilesBuildPhase section */
		8121A951AF637E81781F9BBE /* Embed Foundation Extensions */ = {
			isa = PBXCopyFilesBuildPhase;
			buildActionMask = 2147483647;
			dstPath = "";
			dstSubfolderSpec = 13;
			files = (
				B0809688FC48D15BF32ED2F4 /* TillAppWidgetExtension.appex in Embed Foundation Extensions */,
			);
			name = "Embed Foundation Extensions";
			runOnlyForDeploymentPostprocessing = 0;
		};
/* End PBXCopyFilesBuildPhase section */

/* Begin PBXFileReference section */
		060DE9B31C877CEB7918C37B /* Countdown.swift */ = {isa = PBXFileReference; lastKnownFileType = sourcecode.swift; path = Countdown.swift; sourceTree = "<group>"; };
		0983F9C14715C82A1245A41A /* TillAppApp.swift */ = {isa = PBXFileReference; lastKnownFileType = sourcecode.swift; path = TillAppApp.swift; sourceTree = "<group>"; };
		0B070EA8FE958E37EC91E99B /* Color+Hex.swift */ = {isa = PBXFileReference; lastKnownFileType = sourcecode.swift; path = "Color+Hex.swift"; sourceTree = "<group>"; };
		148C1F7A9B3E4C21A7D5E600 /* Assets.xcassets */ = {isa = PBXFileReference; lastKnownFileType = folder.assetcatalog; path = Assets.xcassets; sourceTree = "<group>"; };
		158F1BD2A575D68A8234B496 /* Date+SmartFormat.swift */ = {isa = PBXFileReference; lastKnownFileType = sourcecode.swift; path = "Date+SmartFormat.swift"; sourceTree = "<group>"; };
		22EF982CEF1A03E1286ECE6C /* AddCountdownView.swift */ = {isa = PBXFileReference; lastKnownFileType = sourcecode.swift; path = AddCountdownView.swift; sourceTree = "<group>"; };
		2755582EB932003B011BCA65 /* CountdownRowView.swift */ = {isa = PBXFileReference; lastKnownFileType = sourcecode.swift; path = CountdownRowView.swift; sourceTree = "<group>"; };
		2A0A18863E66054E293904C2 /* View+Glass.swift */ = {isa = PBXFileReference; lastKnownFileType = sourcecode.swift; path = "View+Glass.swift"; sourceTree = "<group>"; };
		35972B7006B54128E8E34193 /* SharedDataStore.swift */ = {isa = PBXFileReference; lastKnownFileType = sourcecode.swift; path = SharedDataStore.swift; sourceTree = "<group>"; };
		4A8B9FA41CD9B60C12866E64 /* TillApp.entitlements */ = {isa = PBXFileReference; lastKnownFileType = text.plist.entitlements; path = TillApp.entitlements; sourceTree = "<group>"; };
		646D88BCB49136660C83DFB2 /* CountdownAppEntity.swift */ = {isa = PBXFileReference; lastKnownFileType = sourcecode.swift; path = CountdownAppEntity.swift; sourceTree = "<group>"; };
		7248535AC65F4D5A01D14706 /* TillAppWidgetBundle.swift */ = {isa = PBXFileReference; lastKnownFileType = sourcecode.swift; path = TillAppWidgetBundle.swift; sourceTree = "<group>"; };
		743A5F36759D0FAF9FC312A1 /* ColorPalette.swift */ = {isa = PBXFileReference; lastKnownFileType = sourcecode.swift; path = ColorPalette.swift; sourceTree = "<group>"; };
		7E085731BCDAB4A19728D310 /* DeveloperMenuView.swift */ = {isa = PBXFileReference; lastKnownFileType = sourcecode.swift; path = DeveloperMenuView.swift; sourceTree = "<group>"; };
		83E978FB3602B5D33B0D92F4 /* CountdownListView.swift */ = {isa = PBXFileReference; lastKnownFileType = sourcecode.swift; path = CountdownListView.swift; sourceTree = "<group>"; };
		851091D66AFFBD7CCF94D62A /* CountdownEntity+Mapping.swift */ = {isa = PBXFileReference; lastKnownFileType = sourcecode.swift; path = "CountdownEntity+Mapping.swift"; sourceTree = "<group>"; };
		8A8F0B0B618E17DA7D537740 /* TillApp.xcdatamodel */ = {isa = PBXFileReference; lastKnownFileType = wrapper.xcdatamodel; path = TillApp.xcdatamodel; sourceTree = "<group>"; };
		94889C08DC49F011604F63F9 /* BackgroundPickerSection.swift */ = {isa = PBXFileReference; lastKnownFileType = sourcecode.swift; path = BackgroundPickerSection.swift; sourceTree = "<group>"; };
		97C965144DDFF4DC1AFF5A01 /* WidgetKit.framework */ = {isa = PBXFileReference; lastKnownFileType = wrapper.framework; name = WidgetKit.framework; path = System/Library/Frameworks/WidgetKit.framework; sourceTree = SDKROOT; };
		9CFD29C70A79D8584C7BD966 /* PersistenceController.swift */ = {isa = PBXFileReference; lastKnownFileType = sourcecode.swift; path = PersistenceController.swift; sourceTree = "<group>"; };
		A1072B874B5368C85D4D7694 /* TillApp.app */ = {isa = PBXFileReference; explicitFileType = wrapper.application; includeInIndex = 0; path = TillApp.app; sourceTree = BUILT_PRODUCTS_DIR; };
		A5AB3326C401C746A46C153B /* CountdownRepository.swift */ = {isa = PBXFileReference; lastKnownFileType = sourcecode.swift; path = CountdownRepository.swift; sourceTree = "<group>"; };
		B8658F94492BD637BD879A3E /* CountdownWidgetView.swift */ = {isa = PBXFileReference; lastKnownFileType = sourcecode.swift; path = CountdownWidgetView.swift; sourceTree = "<group>"; };
		BC2D9AEBC3C5C26259CCCDFA /* ImageStorageService.swift */ = {isa = PBXFileReference; lastKnownFileType = sourcecode.swift; path = ImageStorageService.swift; sourceTree = "<group>"; };
		C1C8344A09A0C2239ACB229B /* TillAppWidgetExtension.appex */ = {isa = PBXFileReference; explicitFileType = "wrapper.app-extension"; includeInIndex = 0; path = TillAppWidgetExtension.appex; sourceTree = BUILT_PRODUCTS_DIR; };
		C278AC33D2A0528B3D880746 /* SelectCountdownIntent.swift */ = {isa = PBXFileReference; lastKnownFileType = sourcecode.swift; path = SelectCountdownIntent.swift; sourceTree = "<group>"; };
		C37C6122ADA038F7310E2214 /* CountdownProvider.swift */ = {isa = PBXFileReference; lastKnownFileType = sourcecode.swift; path = CountdownProvider.swift; sourceTree = "<group>"; };
		D1980F5FB9C12A48EB6CA67D /* TimerManager.swift */ = {isa = PBXFileReference; lastKnownFileType = sourcecode.swift; path = TimerManager.swift; sourceTree = "<group>"; };
		D5AF5C02E4780B9DF75CFAC1 /* SwiftUI.framework */ = {isa = PBXFileReference; lastKnownFileType = wrapper.framework; name = SwiftUI.framework; path = System/Library/Frameworks/SwiftUI.framework; sourceTree = SDKROOT; };
		DD72742A11253E67616E1C8F /* TillAppWidgetExtension.entitlements */ = {isa = PBXFileReference; lastKnownFileType = text.plist.entitlements; path = TillAppWidgetExtension.entitlements; sourceTree = "<group>"; };
		EF8F2D4D3401E92639E73ECC /* Info.plist */ = {isa = PBXFileReference; lastKnownFileType = text.plist; path = Info.plist; sourceTree = "<group>"; };
		F76E950F560E90D719DA5AD0 /* WidgetCountdown.swift */ = {isa = PBXFileReference; lastKnownFileType = sourcecode.swift; path = WidgetCountdown.swift; sourceTree = "<group>"; };
		F7C58FCE12709F9EBFB8854C /* EditCountdownView.swift */ = {isa = PBXFileReference; lastKnownFileType = sourcecode.swift; path = EditCountdownView.swift; sourceTree = "<group>"; };
		FE7EC32305026F8DDCA55DCF /* Info.plist */ = {isa = PBXFileReference; lastKnownFileType = text.plist; path = Info.plist; sourceTree = "<group>"; };
		FF84AFCF89DF8198F77A0699 /* ProgressStartPickerSection.swift */ = {isa = PBXFileReference; lastKnownFileType = sourcecode.swift; path = ProgressStartPickerSection.swift; sourceTree = "<group>"; };
/* End PBXFileReference section */

/* Begin PBXFrameworksBuildPhase section */
		6B0D4BFE675EB764BC9C6FF2 /* Frameworks */ = {
			isa = PBXFrameworksBuildPhase;
			buildActionMask = 2147483647;
			files = (
				A4C4BB336F9E17C805063830 /* WidgetKit.framework in Frameworks */,
				6B30E5CECFB6CF1920B4FCF5 /* SwiftUI.framework in Frameworks */,
			);
			runOnlyForDeploymentPostprocessing = 0;
		};
/* End PBXFrameworksBuildPhase section */

/* Begin PBXGroup section */
		1A7D9AA10311D76B9B7A399E /* Extensions */ = {
			isa = PBXGroup;
			children = (
				2A0A18863E66054E293904C2 /* View+Glass.swift */,
			);
			path = Extensions;
			sourceTree = "<group>";
		};
		32AB73599F61883D08FE1D3B /* Persistence */ = {
			isa = PBXGroup;
			children = (
				851091D66AFFBD7CCF94D62A /* CountdownEntity+Mapping.swift */,
				A5AB3326C401C746A46C153B /* CountdownRepository.swift */,
				9CFD29C70A79D8584C7BD966 /* PersistenceController.swift */,
			);
			path = Persistence;
			sourceTree = "<group>";
		};
		3A77FDB25DE70CA6B94F0DA1 /* Services */ = {
			isa = PBXGroup;
			children = (
				BC2D9AEBC3C5C26259CCCDFA /* ImageStorageService.swift */,
				D1980F5FB9C12A48EB6CA67D /* TimerManager.swift */,
			);
			path = Services;
			sourceTree = "<group>";
		};
		668492FE05A339A86BDD96FF /* Products */ = {
			isa = PBXGroup;
			children = (
				A1072B874B5368C85D4D7694 /* TillApp.app */,
				C1C8344A09A0C2239ACB229B /* TillAppWidgetExtension.appex */,
			);
			name = Products;
			sourceTree = "<group>";
		};
		78EBE6581CE17BAEBA8F0778 /* Developer */ = {
			isa = PBXGroup;
			children = (
				7E085731BCDAB4A19728D310 /* DeveloperMenuView.swift */,
			);
			path = Developer;
			sourceTree = "<group>";
		};
		79389518D0163EE50DEC3EEC = {
			isa = PBXGroup;
			children = (
				A9A53260FDCC592215147F6C /* Shared */,
				CDC21294B4F24D921071195B /* TillApp */,
				F3482FC1002A3CAEB2288C7D /* TillAppWidgetExtension */,
				C24141A068436CF30721EB0E /* Frameworks */,
				668492FE05A339A86BDD96FF /* Products */,
			);
			sourceTree = "<group>";
		};
		9B69588B62197FC6C7597AE1 /* Models */ = {
			isa = PBXGroup;
			children = (
				743A5F36759D0FAF9FC312A1 /* ColorPalette.swift */,
				060DE9B31C877CEB7918C37B /* Countdown.swift */,
			);
			path = Models;
			sourceTree = "<group>";
		};
		A9A53260FDCC592215147F6C /* Shared */ = {
			isa = PBXGroup;
			children = (
				0B070EA8FE958E37EC91E99B /* Color+Hex.swift */,
				158F1BD2A575D68A8234B496 /* Date+SmartFormat.swift */,
				35972B7006B54128E8E34193 /* SharedDataStore.swift */,
				F76E950F560E90D719DA5AD0 /* WidgetCountdown.swift */,
			);
			path = Shared;
			sourceTree = "<group>";
		};
		AABBB729DFAABDAA768CE202 /* Features */ = {
			isa = PBXGroup;
			children = (
				E59A0E710BFD5967821F471F /* Add */,
				78EBE6581CE17BAEBA8F0778 /* Developer */,
				D499C6172A950D7322C48DB2 /* List */,
			);
			path = Features;
			sourceTree = "<group>";
		};
		C24141A068436CF30721EB0E /* Frameworks */ = {
			isa = PBXGroup;
			children = (
				D5AF5C02E4780B9DF75CFAC1 /* SwiftUI.framework */,
				97C965144DDFF4DC1AFF5A01 /* WidgetKit.framework */,
			);
			name = Frameworks;
			sourceTree = "<group>";
		};
		CDC21294B4F24D921071195B /* TillApp */ = {
			isa = PBXGroup;
			children = (
				148C1F7A9B3E4C21A7D5E600 /* Assets.xcassets */,
				EF8F2D4D3401E92639E73ECC /* Info.plist */,
				4A8B9FA41CD9B60C12866E64 /* TillApp.entitlements */,
				0983F9C14715C82A1245A41A /* TillAppApp.swift */,
				1A7D9AA10311D76B9B7A399E /* Extensions */,
				AABBB729DFAABDAA768CE202 /* Features */,
				9B69588B62197FC6C7597AE1 /* Models */,
				32AB73599F61883D08FE1D3B /* Persistence */,
				3A77FDB25DE70CA6B94F0DA1 /* Services */,
				852660CF411D0EDFB9B98157 /* TillApp.xcdatamodeld */,
			);
			path = TillApp;
			sourceTree = "<group>";
		};
		D499C6172A950D7322C48DB2 /* List */ = {
			isa = PBXGroup;
			children = (
				83E978FB3602B5D33B0D92F4 /* CountdownListView.swift */,
				2755582EB932003B011BCA65 /* CountdownRowView.swift */,
			);
			path = List;
			sourceTree = "<group>";
		};
		E59A0E710BFD5967821F471F /* Add */ = {
			isa = PBXGroup;
			children = (
				22EF982CEF1A03E1286ECE6C /* AddCountdownView.swift */,
				94889C08DC49F011604F63F9 /* BackgroundPickerSection.swift */,
				F7C58FCE12709F9EBFB8854C /* EditCountdownView.swift */,
				FF84AFCF89DF8198F77A0699 /* ProgressStartPickerSection.swift */,
			);
			path = Add;
			sourceTree = "<group>";
		};
		F3482FC1002A3CAEB2288C7D /* TillAppWidgetExtension */ = {
			isa = PBXGroup;
			children = (
				646D88BCB49136660C83DFB2 /* CountdownAppEntity.swift */,
				C37C6122ADA038F7310E2214 /* CountdownProvider.swift */,
				B8658F94492BD637BD879A3E /* CountdownWidgetView.swift */,
				FE7EC32305026F8DDCA55DCF /* Info.plist */,
				C278AC33D2A0528B3D880746 /* SelectCountdownIntent.swift */,
				7248535AC65F4D5A01D14706 /* TillAppWidgetBundle.swift */,
				DD72742A11253E67616E1C8F /* TillAppWidgetExtension.entitlements */,
			);
			path = TillAppWidgetExtension;
			sourceTree = "<group>";
		};
/* End PBXGroup section */

/* Begin PBXNativeTarget section */
		855C7D77DAB3B9058CAB5834 /* TillAppWidgetExtension */ = {
			isa = PBXNativeTarget;
			buildConfigurationList = A75B30B1C43EBE97D416F72D /* Build configuration list for PBXNativeTarget "TillAppWidgetExtension" */;
			buildPhases = (
				E5DAE84CCEC1C630EB1E8FDC /* Sources */,
				6B0D4BFE675EB764BC9C6FF2 /* Frameworks */,
			);
			buildRules = (
			);
			dependencies = (
			);
			name = TillAppWidgetExtension;
			packageProductDependencies = (
			);
			productName = TillAppWidgetExtension;
			productReference = C1C8344A09A0C2239ACB229B /* TillAppWidgetExtension.appex */;
			productType = "com.apple.product-type.app-extension";
		};
		90F8F4CE0E467235CD0D4B4B /* TillApp */ = {
			isa = PBXNativeTarget;
			buildConfigurationList = 4A808978EE88EF883A655BB1 /* Build configuration list for PBXNativeTarget "TillApp" */;
			buildPhases = (
				430D37894DFDAB2EAAE5C1D0 /* Sources */,
				148C1F7A9B3E4C21A7D5E602 /* Resources */,
				8121A951AF637E81781F9BBE /* Embed Foundation Extensions */,
			);
			buildRules = (
			);
			dependencies = (
				238EE4BE78E31A48C4837F5C /* PBXTargetDependency */,
			);
			name = TillApp;
			packageProductDependencies = (
			);
			productName = TillApp;
			productReference = A1072B874B5368C85D4D7694 /* TillApp.app */;
			productType = "com.apple.product-type.application";
		};
/* End PBXNativeTarget section */

/* Begin PBXProject section */
		B172396D95C82F5CBA665931 /* Project object */ = {
			isa = PBXProject;
			attributes = {
				BuildIndependentTargetsInParallel = YES;
				LastUpgradeCheck = 1600;
				TargetAttributes = {
					855C7D77DAB3B9058CAB5834 = {
						ProvisioningStyle = Automatic;
					};
					90F8F4CE0E467235CD0D4B4B = {
						ProvisioningStyle = Automatic;
					};
				};
			};
			buildConfigurationList = DD9871D7F3641AD02617027D /* Build configuration list for PBXProject "TillApp" */;
			developmentRegion = en;
			hasScannedForEncodings = 0;
			knownRegions = (
				Base,
				en,
			);
			mainGroup = 79389518D0163EE50DEC3EEC;
			minimizedProjectReferenceProxies = 1;
			preferredProjectObjectVersion = 77;
			productRefGroup = 668492FE05A339A86BDD96FF /* Products */;
			projectDirPath = "";
			projectRoot = "";
			targets = (
				90F8F4CE0E467235CD0D4B4B /* TillApp */,
				855C7D77DAB3B9058CAB5834 /* TillAppWidgetExtension */,
			);
		};
/* End PBXProject section */

/* Begin PBXResourcesBuildPhase section */
		148C1F7A9B3E4C21A7D5E602 /* Resources */ = {
			isa = PBXResourcesBuildPhase;
			buildActionMask = 2147483647;
			files = (
				148C1F7A9B3E4C21A7D5E601 /* Assets.xcassets in Resources */,
			);
			runOnlyForDeploymentPostprocessing = 0;
		};
/* End PBXResourcesBuildPhase section */

/* Begin PBXSourcesBuildPhase section */
		430D37894DFDAB2EAAE5C1D0 /* Sources */ = {
			isa = PBXSourcesBuildPhase;
			buildActionMask = 2147483647;
			files = (
				5532E3FCF0BECE3D5A3D8E37 /* AddCountdownView.swift in Sources */,
				61B1EE5F1C6ED5C28023917B /* BackgroundPickerSection.swift in Sources */,
				A4787CE389A7E89BC5628A3B /* Color+Hex.swift in Sources */,
				182F370370E1937FD226573C /* ColorPalette.swift in Sources */,
				AA77D3D99E90CA1D661CA05D /* Countdown.swift in Sources */,
				F3E6DDC6A3F507CCE88A6CD1 /* CountdownEntity+Mapping.swift in Sources */,
				AB672F9A8BB7BE65948241F4 /* CountdownListView.swift in Sources */,
				3499A7D9EA4A65C46EE123FD /* CountdownRepository.swift in Sources */,
				DC0EF4DBF3A2DD5B518226E4 /* CountdownRowView.swift in Sources */,
				21EC6860FB5708BB272C9CF0 /* Date+SmartFormat.swift in Sources */,
				B805A1DEF79D8B3E79F6CBD5 /* DeveloperMenuView.swift in Sources */,
				2744DDC21016A57F7C767C51 /* EditCountdownView.swift in Sources */,
				C817D064FDFF4173FE1B3495 /* ImageStorageService.swift in Sources */,
				F8BB03FFB125F8AE18D09A02 /* PersistenceController.swift in Sources */,
				43FB1660E36AD33E7B6CB72A /* ProgressStartPickerSection.swift in Sources */,
				4572E3CB6E92802F9FD3A52B /* SharedDataStore.swift in Sources */,
				7C02586524F7A7DE7EBE085D /* TillApp.xcdatamodeld in Sources */,
				C2915FEA057737C608C1831A /* TillAppApp.swift in Sources */,
				D87933F24669DF6E120AAA85 /* TimerManager.swift in Sources */,
				0F383D468C71AB5DFB6F05CF /* View+Glass.swift in Sources */,
				C5F3CA47E68437C07A60F86A /* WidgetCountdown.swift in Sources */,
			);
			runOnlyForDeploymentPostprocessing = 0;
		};
		E5DAE84CCEC1C630EB1E8FDC /* Sources */ = {
			isa = PBXSourcesBuildPhase;
			buildActionMask = 2147483647;
			files = (
				4F188A86A675200C82550FF3 /* Color+Hex.swift in Sources */,
				825E93AAEF38A879C2BC7CD6 /* CountdownAppEntity.swift in Sources */,
				91A94FB58F358F84F37A238B /* CountdownProvider.swift in Sources */,
				78E0EE702F3CB8FF2AEDD55F /* CountdownWidgetView.swift in Sources */,
				2A10EAA4915F6F1B0D8B8D81 /* Date+SmartFormat.swift in Sources */,
				21B8D9ADBA4160A3B9F81030 /* SelectCountdownIntent.swift in Sources */,
				3A0C0BADD738F2316BB967AE /* SharedDataStore.swift in Sources */,
				20E7F8F12FE2A9740A026983 /* TillAppWidgetBundle.swift in Sources */,
				6E394DD7C8A219E5E7F4C8FA /* WidgetCountdown.swift in Sources */,
			);
			runOnlyForDeploymentPostprocessing = 0;
		};
/* End PBXSourcesBuildPhase section */

/* Begin PBXTargetDependency section */
		238EE4BE78E31A48C4837F5C /* PBXTargetDependency */ = {
			isa = PBXTargetDependency;
			target = 855C7D77DAB3B9058CAB5834 /* TillAppWidgetExtension */;
			targetProxy = E2686A9DF30CB4105159F212 /* PBXContainerItemProxy */;
		};
/* End PBXTargetDependency section */

/* Begin XCBuildConfiguration section */
		038C3E84F20C1A442A1C481C /* Debug */ = {
			isa = XCBuildConfiguration;
			buildSettings = {
				CODE_SIGN_ENTITLEMENTS = TillAppWidgetExtension/TillAppWidgetExtension.entitlements;
				CODE_SIGN_STYLE = Automatic;
				DEVELOPMENT_TEAM = TJ3ALYQV5G;
				INFOPLIST_FILE = TillAppWidgetExtension/Info.plist;
				IPHONEOS_DEPLOYMENT_TARGET = 17.0;
				LD_RUNPATH_SEARCH_PATHS = (
					"$(inherited)",
					"@executable_path/Frameworks",
					"@executable_path/../../Frameworks",
				);
				PRODUCT_BUNDLE_IDENTIFIER = com.tillappcounter.TillApp.widget;
				SDKROOT = iphoneos;
				SKIP_INSTALL = YES;
				SWIFT_VERSION = 5.0;
				TARGETED_DEVICE_FAMILY = "1,2";
			};
			name = Debug;
		};
		0F7405ABF063483BB562836D /* Release */ = {
			isa = XCBuildConfiguration;
			buildSettings = {
				CODE_SIGN_ENTITLEMENTS = TillAppWidgetExtension/TillAppWidgetExtension.entitlements;
				CODE_SIGN_STYLE = Automatic;
				DEVELOPMENT_TEAM = TJ3ALYQV5G;
				INFOPLIST_FILE = TillAppWidgetExtension/Info.plist;
				IPHONEOS_DEPLOYMENT_TARGET = 17.0;
				LD_RUNPATH_SEARCH_PATHS = (
					"$(inherited)",
					"@executable_path/Frameworks",
					"@executable_path/../../Frameworks",
				);
				PRODUCT_BUNDLE_IDENTIFIER = com.tillappcounter.TillApp.widget;
				SDKROOT = iphoneos;
				SKIP_INSTALL = YES;
				SWIFT_VERSION = 5.0;
				TARGETED_DEVICE_FAMILY = "1,2";
			};
			name = Release;
		};
		3AAA3EE309841A62D5C5506C /* Debug */ = {
			isa = XCBuildConfiguration;
			buildSettings = {
				ASSETCATALOG_COMPILER_APPICON_NAME = AppIcon;
				ASSETCATALOG_COMPILER_INCLUDE_ALL_APPICON_ASSETS = YES;
				CODE_SIGN_ENTITLEMENTS = TillApp/TillApp.entitlements;
				CODE_SIGN_IDENTITY = "iPhone Developer";
				CODE_SIGN_STYLE = Automatic;
				DEVELOPMENT_TEAM = TJ3ALYQV5G;
				INFOPLIST_FILE = TillApp/Info.plist;
				INFOPLIST_KEY_CFBundleDisplayName = Till;
				IPHONEOS_DEPLOYMENT_TARGET = 17.0;
				LD_RUNPATH_SEARCH_PATHS = (
					"$(inherited)",
					"@executable_path/Frameworks",
				);
				MARKETING_VERSION = 0.1;
				PRODUCT_BUNDLE_IDENTIFIER = com.tillappcounter.TillApp;
				SDKROOT = iphoneos;
				SWIFT_VERSION = 5.0;
				TARGETED_DEVICE_FAMILY = "1,2";
			};
			name = Debug;
		};
		9613029550926B1797022ED2 /* Debug */ = {
			isa = XCBuildConfiguration;
			buildSettings = {
				ALWAYS_SEARCH_USER_PATHS = NO;
				CLANG_ANALYZER_NONNULL = YES;
				CLANG_ANALYZER_NUMBER_OBJECT_CONVERSION = YES_AGGRESSIVE;
				CLANG_CXX_LANGUAGE_STANDARD = "gnu++14";
				CLANG_CXX_LIBRARY = "libc++";
				CLANG_ENABLE_MODULES = YES;
				CLANG_ENABLE_OBJC_ARC = YES;
				CLANG_ENABLE_OBJC_WEAK = YES;
				CLANG_WARN_BLOCK_CAPTURE_AUTORELEASING = YES;
				CLANG_WARN_BOOL_CONVERSION = YES;
				CLANG_WARN_COMMA = YES;
				CLANG_WARN_CONSTANT_CONVERSION = YES;
				CLANG_WARN_DEPRECATED_OBJC_IMPLEMENTATIONS = YES;
				CLANG_WARN_DIRECT_OBJC_ISA_USAGE = YES_ERROR;
				CLANG_WARN_DOCUMENTATION_COMMENTS = YES;
				CLANG_WARN_EMPTY_BODY = YES;
				CLANG_WARN_ENUM_CONVERSION = YES;
				CLANG_WARN_INFINITE_RECURSION = YES;
				CLANG_WARN_INT_CONVERSION = YES;
				CLANG_WARN_NON_LITERAL_NULL_CONVERSION = YES;
				CLANG_WARN_OBJC_IMPLICIT_RETAIN_SELF = YES;
				CLANG_WARN_OBJC_LITERAL_CONVERSION = YES;
				CLANG_WARN_OBJC_ROOT_CLASS = YES_ERROR;
				CLANG_WARN_QUOTED_INCLUDE_IN_FRAMEWORK_HEADER = YES;
				CLANG_WARN_RANGE_LOOP_ANALYSIS = YES;
				CLANG_WARN_STRICT_PROTOTYPES = YES;
				CLANG_WARN_SUSPICIOUS_MOVE = YES;
				CLANG_WARN_UNGUARDED_AVAILABILITY = YES_AGGRESSIVE;
				CLANG_WARN_UNREACHABLE_CODE = YES;
				CLANG_WARN__DUPLICATE_METHOD_MATCH = YES;
				COPY_PHASE_STRIP = NO;
				DEBUG_INFORMATION_FORMAT = dwarf;
				DEVELOPMENT_TEAM = "";
				ENABLE_STRICT_OBJC_MSGSEND = YES;
				ENABLE_TESTABILITY = YES;
				GCC_C_LANGUAGE_STANDARD = gnu11;
				GCC_DYNAMIC_NO_PIC = NO;
				GCC_NO_COMMON_BLOCKS = YES;
				GCC_OPTIMIZATION_LEVEL = 0;
				GCC_PREPROCESSOR_DEFINITIONS = (
					"$(inherited)",
					"DEBUG=1",
				);
				GCC_WARN_64_TO_32_BIT_CONVERSION = YES;
				GCC_WARN_ABOUT_RETURN_TYPE = YES_ERROR;
				GCC_WARN_UNDECLARED_SELECTOR = YES;
				GCC_WARN_UNINITIALIZED_AUTOS = YES_AGGRESSIVE;
				GCC_WARN_UNUSED_FUNCTION = YES;
				GCC_WARN_UNUSED_VARIABLE = YES;
				IPHONEOS_DEPLOYMENT_TARGET = 17.0;
				MTL_ENABLE_DEBUG_INFO = INCLUDE_SOURCE;
				MTL_FAST_MATH = YES;
				ONLY_ACTIVE_ARCH = YES;
				PRODUCT_NAME = "$(TARGET_NAME)";
				SDKROOT = iphoneos;
				SWIFT_ACTIVE_COMPILATION_CONDITIONS = DEBUG;
				SWIFT_OPTIMIZATION_LEVEL = "-Onone";
				SWIFT_VERSION = 5.0;
			};
			name = Debug;
		};
		9C352316CD6CE6ECCDEA4A0C /* Release */ = {
			isa = XCBuildConfiguration;
			buildSettings = {
				ALWAYS_SEARCH_USER_PATHS = NO;
				CLANG_ANALYZER_NONNULL = YES;
				CLANG_ANALYZER_NUMBER_OBJECT_CONVERSION = YES_AGGRESSIVE;
				CLANG_CXX_LANGUAGE_STANDARD = "gnu++14";
				CLANG_CXX_LIBRARY = "libc++";
				CLANG_ENABLE_MODULES = YES;
				CLANG_ENABLE_OBJC_ARC = YES;
				CLANG_ENABLE_OBJC_WEAK = YES;
				CLANG_WARN_BLOCK_CAPTURE_AUTORELEASING = YES;
				CLANG_WARN_BOOL_CONVERSION = YES;
				CLANG_WARN_COMMA = YES;
				CLANG_WARN_CONSTANT_CONVERSION = YES;
				CLANG_WARN_DEPRECATED_OBJC_IMPLEMENTATIONS = YES;
				CLANG_WARN_DIRECT_OBJC_ISA_USAGE = YES_ERROR;
				CLANG_WARN_DOCUMENTATION_COMMENTS = YES;
				CLANG_WARN_EMPTY_BODY = YES;
				CLANG_WARN_ENUM_CONVERSION = YES;
				CLANG_WARN_INFINITE_RECURSION = YES;
				CLANG_WARN_INT_CONVERSION = YES;
				CLANG_WARN_NON_LITERAL_NULL_CONVERSION = YES;
				CLANG_WARN_OBJC_IMPLICIT_RETAIN_SELF = YES;
				CLANG_WARN_OBJC_LITERAL_CONVERSION = YES;
				CLANG_WARN_OBJC_ROOT_CLASS = YES_ERROR;
				CLANG_WARN_QUOTED_INCLUDE_IN_FRAMEWORK_HEADER = YES;
				CLANG_WARN_RANGE_LOOP_ANALYSIS = YES;
				CLANG_WARN_STRICT_PROTOTYPES = YES;
				CLANG_WARN_SUSPICIOUS_MOVE = YES;
				CLANG_WARN_UNGUARDED_AVAILABILITY = YES_AGGRESSIVE;
				CLANG_WARN_UNREACHABLE_CODE = YES;
				CLANG_WARN__DUPLICATE_METHOD_MATCH = YES;
				COPY_PHASE_STRIP = NO;
				DEBUG_INFORMATION_FORMAT = "dwarf-with-dsym";
				DEVELOPMENT_TEAM = "";
				ENABLE_NS_ASSERTIONS = NO;
				ENABLE_STRICT_OBJC_MSGSEND = YES;
				GCC_C_LANGUAGE_STANDARD = gnu11;
				GCC_NO_COMMON_BLOCKS = YES;
				GCC_WARN_64_TO_32_BIT_CONVERSION = YES;
				GCC_WARN_ABOUT_RETURN_TYPE = YES_ERROR;
				GCC_WARN_UNDECLARED_SELECTOR = YES;
				GCC_WARN_UNINITIALIZED_AUTOS = YES_AGGRESSIVE;
				GCC_WARN_UNUSED_FUNCTION = YES;
				GCC_WARN_UNUSED_VARIABLE = YES;
				IPHONEOS_DEPLOYMENT_TARGET = 17.0;
				MTL_ENABLE_DEBUG_INFO = NO;
				MTL_FAST_MATH = YES;
				PRODUCT_NAME = "$(TARGET_NAME)";
				SDKROOT = iphoneos;
				SWIFT_COMPILATION_MODE = wholemodule;
				SWIFT_OPTIMIZATION_LEVEL = "-O";
				SWIFT_VERSION = 5.0;
			};
			name = Release;
		};
		C2059B8E29544AEA5F080AB1 /* Release */ = {
			isa = XCBuildConfiguration;
			buildSettings = {
				ASSETCATALOG_COMPILER_APPICON_NAME = AppIcon;
				ASSETCATALOG_COMPILER_INCLUDE_ALL_APPICON_ASSETS = YES;
				CODE_SIGN_ENTITLEMENTS = TillApp/TillApp.entitlements;
				CODE_SIGN_IDENTITY = "iPhone Developer";
				CODE_SIGN_STYLE = Automatic;
				DEVELOPMENT_TEAM = TJ3ALYQV5G;
				INFOPLIST_FILE = TillApp/Info.plist;
				INFOPLIST_KEY_CFBundleDisplayName = Till;
				IPHONEOS_DEPLOYMENT_TARGET = 17.0;
				LD_RUNPATH_SEARCH_PATHS = (
					"$(inherited)",
					"@executable_path/Frameworks",
				);
				MARKETING_VERSION = 0.1;
				PRODUCT_BUNDLE_IDENTIFIER = com.tillappcounter.TillApp;
				SDKROOT = iphoneos;
				SWIFT_VERSION = 5.0;
				TARGETED_DEVICE_FAMILY = "1,2";
			};
			name = Release;
		};
/* End XCBuildConfiguration section */

/* Begin XCConfigurationList section */
		4A808978EE88EF883A655BB1 /* Build configuration list for PBXNativeTarget "TillApp" */ = {
			isa = XCConfigurationList;
			buildConfigurations = (
				3AAA3EE309841A62D5C5506C /* Debug */,
				C2059B8E29544AEA5F080AB1 /* Release */,
			);
			defaultConfigurationIsVisible = 0;
			defaultConfigurationName = Debug;
		};
		A75B30B1C43EBE97D416F72D /* Build configuration list for PBXNativeTarget "TillAppWidgetExtension" */ = {
			isa = XCConfigurationList;
			buildConfigurations = (
				038C3E84F20C1A442A1C481C /* Debug */,
				0F7405ABF063483BB562836D /* Release */,
			);
			defaultConfigurationIsVisible = 0;
			defaultConfigurationName = Debug;
		};
		DD9871D7F3641AD02617027D /* Build configuration list for PBXProject "TillApp" */ = {
			isa = XCConfigurationList;
			buildConfigurations = (
				9613029550926B1797022ED2 /* Debug */,
				9C352316CD6CE6ECCDEA4A0C /* Release */,
			);
			defaultConfigurationIsVisible = 0;
			defaultConfigurationName = Debug;
		};
/* End XCConfigurationList section */

/* Begin XCVersionGroup section */
		852660CF411D0EDFB9B98157 /* TillApp.xcdatamodeld */ = {
			isa = XCVersionGroup;
			children = (
				8A8F0B0B618E17DA7D537740 /* TillApp.xcdatamodel */,
			);
			currentVersion = 8A8F0B0B618E17DA7D537740 /* TillApp.xcdatamodel */;
			path = TillApp.xcdatamodeld;
			sourceTree = "<group>";
			versionGroupType = wrapper.xcdatamodel;
		};
/* End XCVersionGroup section */
	};
	rootObject = B172396D95C82F5CBA665931 /* Project object */;
}
